// !$*UTF8*$!
{
	archiveVersion = 1;
	classes = {
	};
	objectVersion = 46;
	objects = {

/* Begin PBXBuildFile section */
		6141219F1DF6938000C9DAAC /* *.google.com.hk.cer in Resources */ = {isa = PBXBuildFile; fileRef = 6141219B1DF6938000C9DAAC /* *.google.com.hk.cer */; };
		614121A01DF6938000C9DAAC /* GeoTrust Global CA.cer in Resources */ = {isa = PBXBuildFile; fileRef = 6141219C1DF6938000C9DAAC /* GeoTrust Global CA.cer */; };
		614121A11DF6938000C9DAAC /* Google Internet Authority G2.cer in Resources */ = {isa = PBXBuildFile; fileRef = 6141219D1DF6938000C9DAAC /* Google Internet Authority G2.cer */; };
		614121A21DF6938000C9DAAC /* Verify.sh in Resources */ = {isa = PBXBuildFile; fileRef = 6141219E1DF6938000C9DAAC /* Verify.sh */; };
		617DC48E1DF039A1008250F8 /* main.m in Sources */ = {isa = PBXBuildFile; fileRef = 617DC48D1DF039A1008250F8 /* main.m */; };
		617DC4911DF039A1008250F8 /* AppDelegate.m in Sources */ = {isa = PBXBuildFile; fileRef = 617DC4901DF039A1008250F8 /* AppDelegate.m */; };
		617DC4941DF039A1008250F8 /* ViewController.m in Sources */ = {isa = PBXBuildFile; fileRef = 617DC4931DF039A1008250F8 /* ViewController.m */; };
		617DC4971DF039A1008250F8 /* Main.storyboard in Resources */ = {isa = PBXBuildFile; fileRef = 617DC4951DF039A1008250F8 /* Main.storyboard */; };
		617DC4991DF039A1008250F8 /* Assets.xcassets in Resources */ = {isa = PBXBuildFile; fileRef = 617DC4981DF039A1008250F8 /* Assets.xcassets */; };
		617DC49C1DF039A1008250F8 /* LaunchScreen.storyboard in Resources */ = {isa = PBXBuildFile; fileRef = 617DC49A1DF039A1008250F8 /* LaunchScreen.storyboard */; };
		61F562EB1DF190F2009AD025 /* libcrypto.a in Frameworks */ = {isa = PBXBuildFile; fileRef = 61F562E81DF190F2009AD025 /* libcrypto.a */; };
		61F562EC1DF190F2009AD025 /* libssl.a in Frameworks */ = {isa = PBXBuildFile; fileRef = 61F562E91DF190F2009AD025 /* libssl.a */; };
/* End PBXBuildFile section */

/* Begin PBXFileReference section */
		6141219B1DF6938000C9DAAC /* *.google.com.hk.cer */ = {isa = PBXFileReference; lastKnownFileType = file; path = "*.google.com.hk.cer"; sourceTree = "<group>"; };
		6141219C1DF6938000C9DAAC /* GeoTrust Global CA.cer */ = {isa = PBXFileReference; lastKnownFileType = file; path = "GeoTrust Global CA.cer"; sourceTree = "<group>"; };
		6141219D1DF6938000C9DAAC /* Google Internet Authority G2.cer */ = {isa = PBXFileReference; lastKnownFileType = file; path = "Google Internet Authority G2.cer"; sourceTree = "<group>"; };
		6141219E1DF6938000C9DAAC /* Verify.sh */ = {isa = PBXFileReference; fileEncoding = 4; lastKnownFileType = text.script.sh; path = Verify.sh; sourceTree = "<group>"; };
		614121A61DF699C100C9DAAC /* GoogleG2_CertInfo.dat */ = {isa = PBXFileReference; lastKnownFileType = file; path = GoogleG2_CertInfo.dat; sourceTree = "<group>"; };
		614121AA1DF6BEC200C9DAAC /* GoogleG2_SignData.dat */ = {isa = PBXFileReference; lastKnownFileType = file; path = GoogleG2_SignData.dat; sourceTree = "<group>"; };
		617DC4891DF039A1008250F8 /* VerifyCA.app */ = {isa = PBXFileReference; explicitFileType = wrapper.application; includeInIndex = 0; path = VerifyCA.app; sourceTree = BUILT_PRODUCTS_DIR; };
		617DC48D1DF039A1008250F8 /* main.m */ = {isa = PBXFileReference; lastKnownFileType = sourcecode.c.objc; path = main.m; sourceTree = "<group>"; };
		617DC48F1DF039A1008250F8 /* AppDelegate.h */ = {isa = PBXFileReference; lastKnownFileType = sourcecode.c.h; path = AppDelegate.h; sourceTree = "<group>"; };
		617DC4901DF039A1008250F8 /* AppDelegate.m */ = {isa = PBXFileReference; lastKnownFileType = sourcecode.c.objc; path = AppDelegate.m; sourceTree = "<group>"; };
		617DC4921DF039A1008250F8 /* ViewController.h */ = {isa = PBXFileReference; lastKnownFileType = sourcecode.c.h; path = ViewController.h; sourceTree = "<group>"; };
		617DC4931DF039A1008250F8 /* ViewController.m */ = {isa = PBXFileReference; lastKnownFileType = sourcecode.c.objc; path = ViewController.m; sourceTree = "<group>"; };
		617DC4961DF039A1008250F8 /* Base */ = {isa = PBXFileReference; lastKnownFileType = file.storyboard; name = Base; path = Base.lproj/Main.storyboard; sourceTree = "<group>"; };
		617DC4981DF039A1008250F8 /* Assets.xcassets */ = {isa = PBXFileReference; lastKnownFileType = folder.assetcatalog; path = Assets.xcassets; sourceTree = "<group>"; };
		617DC49B1DF039A1008250F8 /* Base */ = {isa = PBXFileReference; lastKnownFileType = file.storyboard; name = Base; path = Base.lproj/LaunchScreen.storyboard; sourceTree = "<group>"; };
		617DC49D1DF039A1008250F8 /* Info.plist */ = {isa = PBXFileReference; lastKnownFileType = text.plist.xml; path = Info.plist; sourceTree = "<group>"; };
		61F562921DF18C75009AD025 /* asn1_locl.h */ = {isa = PBXFileReference; lastKnownFileType = sourcecode.c.h; path = asn1_locl.h; sourceTree = "<group>"; };
		61F5629A1DF190F2009AD025 /* LICENSE */ = {isa = PBXFileReference; fileEncoding = 4; lastKnownFileType = text; path = LICENSE; sourceTree = "<group>"; };
		61F5629C1DF190F2009AD025 /* aes.h */ = {isa = PBXFileReference; fileEncoding = 4; lastKnownFileType = sourcecode.c.h; path = aes.h; sourceTree = "<group>"; };
		61F5629D1DF190F2009AD025 /* asn1.h */ = {isa = PBXFileReference; fileEncoding = 4; lastKnownFileType = sourcecode.c.h; path = asn1.h; sourceTree = "<group>"; };
		61F5629E1DF190F2009AD025 /* asn1_mac.h */ = {isa = PBXFileReference; fileEncoding = 4; lastKnownFileType = sourcecode.c.h; path = asn1_mac.h; sourceTree = "<group>"; };
		61F5629F1DF190F2009AD025 /* asn1t.h */ = {isa = PBXFileReference; fileEncoding = 4; lastKnownFileType = sourcecode.c.h; path = asn1t.h; sourceTree = "<group>"; };
		61F562A01DF190F2009AD025 /* bio.h */ = {isa = PBXFileReference; fileEncoding = 4; lastKnownFileType = sourcecode.c.h; path = bio.h; sourceTree = "<group>"; };
		61F562A11DF190F2009AD025 /* blowfish.h */ = {isa = PBXFileReference; fileEncoding = 4; lastKnownFileType = sourcecode.c.h; path = blowfish.h; sourceTree = "<group>"; };
		61F562A21DF190F2009AD025 /* bn.h */ = {isa = PBXFileReference; fileEncoding = 4; lastKnownFileType = sourcecode.c.h; path = bn.h; sourceTree = "<group>"; };
		61F562A31DF190F2009AD025 /* buffer.h */ = {isa = PBXFileReference; fileEncoding = 4; lastKnownFileType = sourcecode.c.h; path = buffer.h; sourceTree = "<group>"; };
		61F562A41DF190F2009AD025 /* camellia.h */ = {isa = PBXFileReference; fileEncoding = 4; lastKnownFileType = sourcecode.c.h; path = camellia.h; sourceTree = "<group>"; };
		61F562A51DF190F2009AD025 /* cast.h */ = {isa = PBXFileReference; fileEncoding = 4; lastKnownFileType = sourcecode.c.h; path = cast.h; sourceTree = "<group>"; };
		61F562A61DF190F2009AD025 /* cmac.h */ = {isa = PBXFileReference; fileEncoding = 4; lastKnownFileType = sourcecode.c.h; path = cmac.h; sourceTree = "<group>"; };
		61F562A71DF190F2009AD025 /* cms.h */ = {isa = PBXFileReference; fileEncoding = 4; lastKnownFileType = sourcecode.c.h; path = cms.h; sourceTree = "<group>"; };
		61F562A81DF190F2009AD025 /* comp.h */ = {isa = PBXFileReference; fileEncoding = 4; lastKnownFileType = sourcecode.c.h; path = comp.h; sourceTree = "<group>"; };
		61F562A91DF190F2009AD025 /* conf.h */ = {isa = PBXFileReference; fileEncoding = 4; lastKnownFileType = sourcecode.c.h; path = conf.h; sourceTree = "<group>"; };
		61F562AA1DF190F2009AD025 /* conf_api.h */ = {isa = PBXFileReference; fileEncoding = 4; lastKnownFileType = sourcecode.c.h; path = conf_api.h; sourceTree = "<group>"; };
		61F562AB1DF190F2009AD025 /* crypto.h */ = {isa = PBXFileReference; fileEncoding = 4; lastKnownFileType = sourcecode.c.h; path = crypto.h; sourceTree = "<group>"; };
		61F562AC1DF190F2009AD025 /* des.h */ = {isa = PBXFileReference; fileEncoding = 4; lastKnownFileType = sourcecode.c.h; path = des.h; sourceTree = "<group>"; };
		61F562AD1DF190F2009AD025 /* des_old.h */ = {isa = PBXFileReference; fileEncoding = 4; lastKnownFileType = sourcecode.c.h; path = des_old.h; sourceTree = "<group>"; };
		61F562AE1DF190F2009AD025 /* dh.h */ = {isa = PBXFileReference; fileEncoding = 4; lastKnownFileType = sourcecode.c.h; path = dh.h; sourceTree = "<group>"; };
		61F562AF1DF190F2009AD025 /* dsa.h */ = {isa = PBXFileReference; fileEncoding = 4; lastKnownFileType = sourcecode.c.h; path = dsa.h; sourceTree = "<group>"; };
		61F562B01DF190F2009AD025 /* dso.h */ = {isa = PBXFileReference; fileEncoding = 4; lastKnownFileType = sourcecode.c.h; path = dso.h; sourceTree = "<group>"; };
		61F562B11DF190F2009AD025 /* dtls1.h */ = {isa = PBXFileReference; fileEncoding = 4; lastKnownFileType = sourcecode.c.h; path = dtls1.h; sourceTree = "<group>"; };
		61F562B21DF190F2009AD025 /* e_os2.h */ = {isa = PBXFileReference; fileEncoding = 4; lastKnownFileType = sourcecode.c.h; path = e_os2.h; sourceTree = "<group>"; };
		61F562B31DF190F2009AD025 /* ebcdic.h */ = {isa = PBXFileReference; fileEncoding = 4; lastKnownFileType = sourcecode.c.h; path = ebcdic.h; sourceTree = "<group>"; };
		61F562B41DF190F2009AD025 /* ec.h */ = {isa = PBXFileReference; fileEncoding = 4; lastKnownFileType = sourcecode.c.h; path = ec.h; sourceTree = "<group>"; };
		61F562B51DF190F2009AD025 /* ecdh.h */ = {isa = PBXFileReference; fileEncoding = 4; lastKnownFileType = sourcecode.c.h; path = ecdh.h; sourceTree = "<group>"; };
		61F562B61DF190F2009AD025 /* ecdsa.h */ = {isa = PBXFileReference; fileEncoding = 4; lastKnownFileType = sourcecode.c.h; path = ecdsa.h; sourceTree = "<group>"; };
		61F562B71DF190F2009AD025 /* engine.h */ = {isa = PBXFileReference; fileEncoding = 4; lastKnownFileType = sourcecode.c.h; path = engine.h; sourceTree = "<group>"; };
		61F562B81DF190F2009AD025 /* err.h */ = {isa = PBXFileReference; fileEncoding = 4; lastKnownFileType = sourcecode.c.h; path = err.h; sourceTree = "<group>"; };
		61F562B91DF190F2009AD025 /* evp.h */ = {isa = PBXFileReference; fileEncoding = 4; lastKnownFileType = sourcecode.c.h; path = evp.h; sourceTree = "<group>"; };
		61F562BA1DF190F2009AD025 /* hmac.h */ = {isa = PBXFileReference; fileEncoding = 4; lastKnownFileType = sourcecode.c.h; path = hmac.h; sourceTree = "<group>"; };
		61F562BB1DF190F2009AD025 /* idea.h */ = {isa = PBXFileReference; fileEncoding = 4; lastKnownFileType = sourcecode.c.h; path = idea.h; sourceTree = "<group>"; };
		61F562BC1DF190F2009AD025 /* krb5_asn.h */ = {isa = PBXFileReference; fileEncoding = 4; lastKnownFileType = sourcecode.c.h; path = krb5_asn.h; sourceTree = "<group>"; };
		61F562BD1DF190F2009AD025 /* kssl.h */ = {isa = PBXFileReference; fileEncoding = 4; lastKnownFileType = sourcecode.c.h; path = kssl.h; sourceTree = "<group>"; };
		61F562BE1DF190F2009AD025 /* lhash.h */ = {isa = PBXFileReference; fileEncoding = 4; lastKnownFileType = sourcecode.c.h; path = lhash.h; sourceTree = "<group>"; };
		61F562BF1DF190F2009AD025 /* md4.h */ = {isa = PBXFileReference; fileEncoding = 4; lastKnownFileType = sourcecode.c.h; path = md4.h; sourceTree = "<group>"; };
		61F562C01DF190F2009AD025 /* md5.h */ = {isa = PBXFileReference; fileEncoding = 4; lastKnownFileType = sourcecode.c.h; path = md5.h; sourceTree = "<group>"; };
		61F562C11DF190F2009AD025 /* mdc2.h */ = {isa = PBXFileReference; fileEncoding = 4; lastKnownFileType = sourcecode.c.h; path = mdc2.h; sourceTree = "<group>"; };
		61F562C21DF190F2009AD025 /* modes.h */ = {isa = PBXFileReference; fileEncoding = 4; lastKnownFileType = sourcecode.c.h; path = modes.h; sourceTree = "<group>"; };
		61F562C31DF190F2009AD025 /* obj_mac.h */ = {isa = PBXFileReference; fileEncoding = 4; lastKnownFileType = sourcecode.c.h; path = obj_mac.h; sourceTree = "<group>"; };
		61F562C41DF190F2009AD025 /* objects.h */ = {isa = PBXFileReference; fileEncoding = 4; lastKnownFileType = sourcecode.c.h; path = objects.h; sourceTree = "<group>"; };
		61F562C51DF190F2009AD025 /* ocsp.h */ = {isa = PBXFileReference; fileEncoding = 4; lastKnownFileType = sourcecode.c.h; path = ocsp.h; sourceTree = "<group>"; };
		61F562C61DF190F2009AD025 /* opensslconf.h */ = {isa = PBXFileReference; fileEncoding = 4; lastKnownFileType = sourcecode.c.h; path = opensslconf.h; sourceTree = "<group>"; };
		61F562C71DF190F2009AD025 /* opensslv.h */ = {isa = PBXFileReference; fileEncoding = 4; lastKnownFileType = sourcecode.c.h; path = opensslv.h; sourceTree = "<group>"; };
		61F562C81DF190F2009AD025 /* ossl_typ.h */ = {isa = PBXFileReference; fileEncoding = 4; lastKnownFileType = sourcecode.c.h; path = ossl_typ.h; sourceTree = "<group>"; };
		61F562C91DF190F2009AD025 /* pem.h */ = {isa = PBXFileReference; fileEncoding = 4; lastKnownFileType = sourcecode.c.h; path = pem.h; sourceTree = "<group>"; };
		61F562CA1DF190F2009AD025 /* pem2.h */ = {isa = PBXFileReference; fileEncoding = 4; lastKnownFileType = sourcecode.c.h; path = pem2.h; sourceTree = "<group>"; };
		61F562CB1DF190F2009AD025 /* pkcs12.h */ = {isa = PBXFileReference; fileEncoding = 4; lastKnownFileType = sourcecode.c.h; path = pkcs12.h; sourceTree = "<group>"; };
		61F562CC1DF190F2009AD025 /* pkcs7.h */ = {isa = PBXFileReference; fileEncoding = 4; lastKnownFileType = sourcecode.c.h; path = pkcs7.h; sourceTree = "<group>"; };
		61F562CD1DF190F2009AD025 /* pqueue.h */ = {isa = PBXFileReference; fileEncoding = 4; lastKnownFileType = sourcecode.c.h; path = pqueue.h; sourceTree = "<group>"; };
		61F562CE1DF190F2009AD025 /* rand.h */ = {isa = PBXFileReference; fileEncoding = 4; lastKnownFileType = sourcecode.c.h; path = rand.h; sourceTree = "<group>"; };
		61F562CF1DF190F2009AD025 /* rc2.h */ = {isa = PBXFileReference; fileEncoding = 4; lastKnownFileType = sourcecode.c.h; path = rc2.h; sourceTree = "<group>"; };
		61F562D01DF190F2009AD025 /* rc4.h */ = {isa = PBXFileReference; fileEncoding = 4; lastKnownFileType = sourcecode.c.h; path = rc4.h; sourceTree = "<group>"; };
		61F562D11DF190F2009AD025 /* ripemd.h */ = {isa = PBXFileReference; fileEncoding = 4; lastKnownFileType = sourcecode.c.h; path = ripemd.h; sourceTree = "<group>"; };
		61F562D21DF190F2009AD025 /* rsa.h */ = {isa = PBXFileReference; fileEncoding = 4; lastKnownFileType = sourcecode.c.h; path = rsa.h; sourceTree = "<group>"; };
		61F562D31DF190F2009AD025 /* safestack.h */ = {isa = PBXFileReference; fileEncoding = 4; lastKnownFileType = sourcecode.c.h; path = safestack.h; sourceTree = "<group>"; };
		61F562D41DF190F2009AD025 /* seed.h */ = {isa = PBXFileReference; fileEncoding = 4; lastKnownFileType = sourcecode.c.h; path = seed.h; sourceTree = "<group>"; };
		61F562D51DF190F2009AD025 /* sha.h */ = {isa = PBXFileReference; fileEncoding = 4; lastKnownFileType = sourcecode.c.h; path = sha.h; sourceTree = "<group>"; };
		61F562D61DF190F2009AD025 /* srp.h */ = {isa = PBXFileReference; fileEncoding = 4; lastKnownFileType = sourcecode.c.h; path = srp.h; sourceTree = "<group>"; };
		61F562D71DF190F2009AD025 /* srtp.h */ = {isa = PBXFileReference; fileEncoding = 4; lastKnownFileType = sourcecode.c.h; path = srtp.h; sourceTree = "<group>"; };
		61F562D81DF190F2009AD025 /* ssl.h */ = {isa = PBXFileReference; fileEncoding = 4; lastKnownFileType = sourcecode.c.h; path = ssl.h; sourceTree = "<group>"; };
		61F562D91DF190F2009AD025 /* ssl2.h */ = {isa = PBXFileReference; fileEncoding = 4; lastKnownFileType = sourcecode.c.h; path = ssl2.h; sourceTree = "<group>"; };
		61F562DA1DF190F2009AD025 /* ssl23.h */ = {isa = PBXFileReference; fileEncoding = 4; lastKnownFileType = sourcecode.c.h; path = ssl23.h; sourceTree = "<group>"; };
		61F562DB1DF190F2009AD025 /* ssl3.h */ = {isa = PBXFileReference; fileEncoding = 4; lastKnownFileType = sourcecode.c.h; path = ssl3.h; sourceTree = "<group>"; };
		61F562DC1DF190F2009AD025 /* stack.h */ = {isa = PBXFileReference; fileEncoding = 4; lastKnownFileType = sourcecode.c.h; path = stack.h; sourceTree = "<group>"; };
		61F562DD1DF190F2009AD025 /* symhacks.h */ = {isa = PBXFileReference; fileEncoding = 4; lastKnownFileType = sourcecode.c.h; path = symhacks.h; sourceTree = "<group>"; };
		61F562DE1DF190F2009AD025 /* tls1.h */ = {isa = PBXFileReference; fileEncoding = 4; lastKnownFileType = sourcecode.c.h; path = tls1.h; sourceTree = "<group>"; };
		61F562DF1DF190F2009AD025 /* ts.h */ = {isa = PBXFileReference; fileEncoding = 4; lastKnownFileType = sourcecode.c.h; path = ts.h; sourceTree = "<group>"; };
		61F562E01DF190F2009AD025 /* txt_db.h */ = {isa = PBXFileReference; fileEncoding = 4; lastKnownFileType = sourcecode.c.h; path = txt_db.h; sourceTree = "<group>"; };
		61F562E11DF190F2009AD025 /* ui.h */ = {isa = PBXFileReference; fileEncoding = 4; lastKnownFileType = sourcecode.c.h; path = ui.h; sourceTree = "<group>"; };
		61F562E21DF190F2009AD025 /* ui_compat.h */ = {isa = PBXFileReference; fileEncoding = 4; lastKnownFileType = sourcecode.c.h; path = ui_compat.h; sourceTree = "<group>"; };
		61F562E31DF190F2009AD025 /* whrlpool.h */ = {isa = PBXFileReference; fileEncoding = 4; lastKnownFileType = sourcecode.c.h; path = whrlpool.h; sourceTree = "<group>"; };
		61F562E41DF190F2009AD025 /* x509.h */ = {isa = PBXFileReference; fileEncoding = 4; lastKnownFileType = sourcecode.c.h; path = x509.h; sourceTree = "<group>"; };
		61F562E51DF190F2009AD025 /* x509_vfy.h */ = {isa = PBXFileReference; fileEncoding = 4; lastKnownFileType = sourcecode.c.h; path = x509_vfy.h; sourceTree = "<group>"; };
		61F562E61DF190F2009AD025 /* x509v3.h */ = {isa = PBXFileReference; fileEncoding = 4; lastKnownFileType = sourcecode.c.h; path = x509v3.h; sourceTree = "<group>"; };
		61F562E81DF190F2009AD025 /* libcrypto.a */ = {isa = PBXFileReference; lastKnownFileType = archive.ar; path = libcrypto.a; sourceTree = "<group>"; };
		61F562E91DF190F2009AD025 /* libssl.a */ = {isa = PBXFileReference; lastKnownFileType = archive.ar; path = libssl.a; sourceTree = "<group>"; };
/* End PBXFileReference section */

/* Begin PBXFrameworksBuildPhase section */
		617DC4861DF039A1008250F8 /* Frameworks */ = {
			isa = PBXFrameworksBuildPhase;
			buildActionMask = 2147483647;
			files = (
				61F562EC1DF190F2009AD025 /* libssl.a in Frameworks */,
				61F562EB1DF190F2009AD025 /* libcrypto.a in Frameworks */,
			);
			runOnlyForDeploymentPostprocessing = 0;
		};
/* End PBXFrameworksBuildPhase section */

/* Begin PBXGroup section */
		6141219A1DF6938000C9DAAC /* GoogleCert */ = {
			isa = PBXGroup;
			children = (
				6141219B1DF6938000C9DAAC /* *.google.com.hk.cer */,
				6141219C1DF6938000C9DAAC /* GeoTrust Global CA.cer */,
				6141219D1DF6938000C9DAAC /* Google Internet Authority G2.cer */,
				614121A61DF699C100C9DAAC /* GoogleG2_CertInfo.dat */,
				614121AA1DF6BEC200C9DAAC /* GoogleG2_SignData.dat */,
				6141219E1DF6938000C9DAAC /* Verify.sh */,
			);
			path = GoogleCert;
			sourceTree = SOURCE_ROOT;
		};
		617DC4801DF039A1008250F8 = {
			isa = PBXGroup;
			children = (
				617DC48B1DF039A1008250F8 /* VerifyCA */,
				617DC48A1DF039A1008250F8 /* Products */,
			);
			sourceTree = "<group>";
		};
		617DC48A1DF039A1008250F8 /* Products */ = {
			isa = PBXGroup;
			children = (
				617DC4891DF039A1008250F8 /* VerifyCA.app */,
			);
			name = Products;
			sourceTree = "<group>";
		};
		617DC48B1DF039A1008250F8 /* VerifyCA */ = {
			isa = PBXGroup;
			children = (
				617DC48F1DF039A1008250F8 /* AppDelegate.h */,
				617DC4901DF039A1008250F8 /* AppDelegate.m */,
				61F562971DF190F2009AD025 /* third-party */,
				61F562921DF18C75009AD025 /* asn1_locl.h */,
				6141219A1DF6938000C9DAAC /* GoogleCert */,
				617DC4921DF039A1008250F8 /* ViewController.h */,
				617DC4931DF039A1008250F8 /* ViewController.m */,
				617DC4951DF039A1008250F8 /* Main.storyboard */,
				617DC4981DF039A1008250F8 /* Assets.xcassets */,
				617DC49A1DF039A1008250F8 /* LaunchScreen.storyboard */,
				617DC49D1DF039A1008250F8 /* Info.plist */,
				617DC48C1DF039A1008250F8 /* Supporting Files */,
			);
			path = VerifyCA;
			sourceTree = "<group>";
		};
		617DC48C1DF039A1008250F8 /* Supporting Files */ = {
			isa = PBXGroup;
			children = (
				617DC48D1DF039A1008250F8 /* main.m */,
			);
			name = "Supporting Files";
			sourceTree = "<group>";
		};
		61F562971DF190F2009AD025 /* third-party */ = {
			isa = PBXGroup;
			children = (
				61F562981DF190F2009AD025 /* OpenSSL */,
			);
			path = "third-party";
			sourceTree = "<group>";
		};
		61F562981DF190F2009AD025 /* OpenSSL */ = {
			isa = PBXGroup;
			children = (
				61F562991DF190F2009AD025 /* include */,
				61F562E71DF190F2009AD025 /* lib */,
			);
			path = OpenSSL;
			sourceTree = "<group>";
		};
		61F562991DF190F2009AD025 /* include */ = {
			isa = PBXGroup;
			children = (
				61F5629A1DF190F2009AD025 /* LICENSE */,
				61F5629B1DF190F2009AD025 /* openssl */,
			);
			path = include;
			sourceTree = "<group>";
		};
		61F5629B1DF190F2009AD025 /* openssl */ = {
			isa = PBXGroup;
			children = (
				61F5629C1DF190F2009AD025 /* aes.h */,
				61F5629D1DF190F2009AD025 /* asn1.h */,
				61F5629E1DF190F2009AD025 /* asn1_mac.h */,
				61F5629F1DF190F2009AD025 /* asn1t.h */,
				61F562A01DF190F2009AD025 /* bio.h */,
				61F562A11DF190F2009AD025 /* blowfish.h */,
				61F562A21DF190F2009AD025 /* bn.h */,
				61F562A31DF190F2009AD025 /* buffer.h */,
				61F562A41DF190F2009AD025 /* camellia.h */,
				61F562A51DF190F2009AD025 /* cast.h */,
				61F562A61DF190F2009AD025 /* cmac.h */,
				61F562A71DF190F2009AD025 /* cms.h */,
				61F562A81DF190F2009AD025 /* comp.h */,
				61F562A91DF190F2009AD025 /* conf.h */,
				61F562AA1DF190F2009AD025 /* conf_api.h */,
				61F562AB1DF190F2009AD025 /* crypto.h */,
				61F562AC1DF190F2009AD025 /* des.h */,
				61F562AD1DF190F2009AD025 /* des_old.h */,
				61F562AE1DF190F2009AD025 /* dh.h */,
				61F562AF1DF190F2009AD025 /* dsa.h */,
				61F562B01DF190F2009AD025 /* dso.h */,
				61F562B11DF190F2009AD025 /* dtls1.h */,
				61F562B21DF190F2009AD025 /* e_os2.h */,
				61F562B31DF190F2009AD025 /* ebcdic.h */,
				61F562B41DF190F2009AD025 /* ec.h */,
				61F562B51DF190F2009AD025 /* ecdh.h */,
				61F562B61DF190F2009AD025 /* ecdsa.h */,
				61F562B71DF190F2009AD025 /* engine.h */,
				61F562B81DF190F2009AD025 /* err.h */,
				61F562B91DF190F2009AD025 /* evp.h */,
				61F562BA1DF190F2009AD025 /* hmac.h */,
				61F562BB1DF190F2009AD025 /* idea.h */,
				61F562BC1DF190F2009AD025 /* krb5_asn.h */,
				61F562BD1DF190F2009AD025 /* kssl.h */,
				61F562BE1DF190F2009AD025 /* lhash.h */,
				61F562BF1DF190F2009AD025 /* md4.h */,
				61F562C01DF190F2009AD025 /* md5.h */,
				61F562C11DF190F2009AD025 /* mdc2.h */,
				61F562C21DF190F2009AD025 /* modes.h */,
				61F562C31DF190F2009AD025 /* obj_mac.h */,
				61F562C41DF190F2009AD025 /* objects.h */,
				61F562C51DF190F2009AD025 /* ocsp.h */,
				61F562C61DF190F2009AD025 /* opensslconf.h */,
				61F562C71DF190F2009AD025 /* opensslv.h */,
				61F562C81DF190F2009AD025 /* ossl_typ.h */,
				61F562C91DF190F2009AD025 /* pem.h */,
				61F562CA1DF190F2009AD025 /* pem2.h */,
				61F562CB1DF190F2009AD025 /* pkcs12.h */,
				61F562CC1DF190F2009AD025 /* pkcs7.h */,
				61F562CD1DF190F2009AD025 /* pqueue.h */,
				61F562CE1DF190F2009AD025 /* rand.h */,
				61F562CF1DF190F2009AD025 /* rc2.h */,
				61F562D01DF190F2009AD025 /* rc4.h */,
				61F562D11DF190F2009AD025 /* ripemd.h */,
				61F562D21DF190F2009AD025 /* rsa.h */,
				61F562D31DF190F2009AD025 /* safestack.h */,
				61F562D41DF190F2009AD025 /* seed.h */,
				61F562D51DF190F2009AD025 /* sha.h */,
				61F562D61DF190F2009AD025 /* srp.h */,
				61F562D71DF190F2009AD025 /* srtp.h */,
				61F562D81DF190F2009AD025 /* ssl.h */,
				61F562D91DF190F2009AD025 /* ssl2.h */,
				61F562DA1DF190F2009AD025 /* ssl23.h */,
				61F562DB1DF190F2009AD025 /* ssl3.h */,
				61F562DC1DF190F2009AD025 /* stack.h */,
				61F562DD1DF190F2009AD025 /* symhacks.h */,
				61F562DE1DF190F2009AD025 /* tls1.h */,
				61F562DF1DF190F2009AD025 /* ts.h */,
				61F562E01DF190F2009AD025 /* txt_db.h */,
				61F562E11DF190F2009AD025 /* ui.h */,
				61F562E21DF190F2009AD025 /* ui_compat.h */,
				61F562E31DF190F2009AD025 /* whrlpool.h */,
				61F562E41DF190F2009AD025 /* x509.h */,
				61F562E51DF190F2009AD025 /* x509_vfy.h */,
				61F562E61DF190F2009AD025 /* x509v3.h */,
			);
			path = openssl;
			sourceTree = "<group>";
		};
		61F562E71DF190F2009AD025 /* lib */ = {
			isa = PBXGroup;
			children = (
				61F562E81DF190F2009AD025 /* libcrypto.a */,
				61F562E91DF190F2009AD025 /* libssl.a */,
			);
			path = lib;
			sourceTree = "<group>";
		};
/* End PBXGroup section */

/* Begin PBXNativeTarget section */
		617DC4881DF039A1008250F8 /* VerifyCA */ = {
			isa = PBXNativeTarget;
			buildConfigurationList = 617DC4A01DF039A1008250F8 /* Build configuration list for PBXNativeTarget "VerifyCA" */;
			buildPhases = (
				617DC4851DF039A1008250F8 /* Sources */,
				617DC4861DF039A1008250F8 /* Frameworks */,
				617DC4871DF039A1008250F8 /* Resources */,
			);
			buildRules = (
			);
			dependencies = (
			);
			name = VerifyCA;
			productName = VerifyCA;
			productReference = 617DC4891DF039A1008250F8 /* VerifyCA.app */;
			productType = "com.apple.product-type.application";
		};
/* End PBXNativeTarget section */

/* Begin PBXProject section */
		617DC4811DF039A1008250F8 /* Project object */ = {
			isa = PBXProject;
			attributes = {
				LastUpgradeCheck = 0810;
				ORGANIZATIONNAME = liuyuning;
				TargetAttributes = {
					617DC4881DF039A1008250F8 = {
						CreatedOnToolsVersion = 8.1;
						ProvisioningStyle = Manual;
					};
				};
			};
			buildConfigurationList = 617DC4841DF039A1008250F8 /* Build configuration list for PBXProject "VerifyCA" */;
			compatibilityVersion = "Xcode 3.2";
			developmentRegion = English;
			hasScannedForEncodings = 0;
			knownRegions = (
				en,
				Base,
			);
			mainGroup = 617DC4801DF039A1008250F8;
			productRefGroup = 617DC48A1DF039A1008250F8 /* Products */;
			projectDirPath = "";
			projectRoot = "";
			targets = (
				617DC4881DF039A1008250F8 /* VerifyCA */,
			);
		};
/* End PBXProject section */

/* Begin PBXResourcesBuildPhase section */
		617DC4871DF039A1008250F8 /* Resources */ = {
			isa = PBXResourcesBuildPhase;
			buildActionMask = 2147483647;
			files = (
				617DC49C1DF039A1008250F8 /* LaunchScreen.storyboard in Resources */,
				617DC4991DF039A1008250F8 /* Assets.xcassets in Resources */,
				614121A11DF6938000C9DAAC /* Google Internet Authority G2.cer in Resources */,
				6141219F1DF6938000C9DAAC /* *.google.com.hk.cer in Resources */,
				617DC4971DF039A1008250F8 /* Main.storyboard in Resources */,
				614121A01DF6938000C9DAAC /* GeoTrust Global CA.cer in Resources */,
				614121A21DF6938000C9DAAC /* Verify.sh in Resources */,
			);
			runOnlyForDeploymentPostprocessing = 0;
		};
/* End PBXResourcesBuildPhase section */

/* Begin PBXSourcesBuildPhase section */
		617DC4851DF039A1008250F8 /* Sources */ = {
			isa = PBXSourcesBuildPhase;
			buildActionMask = 2147483647;
			files = (
				617DC4941DF039A1008250F8 /* ViewController.m in Sources */,
				617DC4911DF039A1008250F8 /* AppDelegate.m in Sources */,
				617DC48E1DF039A1008250F8 /* main.m in Sources */,
			);
			runOnlyForDeploymentPostprocessing = 0;
		};
/* End PBXSourcesBuildPhase section */

/* Begin PBXVariantGroup section */
		617DC4951DF039A1008250F8 /* Main.storyboard */ = {
			isa = PBXVariantGroup;
			children = (
				617DC4961DF039A1008250F8 /* Base */,
			);
			name = Main.storyboard;
			sourceTree = "<group>";
		};
		617DC49A1DF039A1008250F8 /* LaunchScreen.storyboard */ = {
			isa = PBXVariantGroup;
			children = (
				617DC49B1DF039A1008250F8 /* Base */,
			);
			name = LaunchScreen.storyboard;
			sourceTree = "<group>";
		};
/* End PBXVariantGroup section */

/* Begin XCBuildConfiguration section */
		617DC49E1DF039A1008250F8 /* Debug */ = {
			isa = XCBuildConfiguration;
			buildSettings = {
				ALWAYS_SEARCH_USER_PATHS = NO;
				CLANG_ANALYZER_NONNULL = YES;
				CLANG_CXX_LANGUAGE_STANDARD = "gnu++0x";
				CLANG_CXX_LIBRARY = "libc++";
				CLANG_ENABLE_MODULES = YES;
				CLANG_ENABLE_OBJC_ARC = YES;
				CLANG_WARN_BOOL_CONVERSION = YES;
				CLANG_WARN_CONSTANT_CONVERSION = YES;
				CLANG_WARN_DIRECT_OBJC_ISA_USAGE = YES_ERROR;
				CLANG_WARN_DOCUMENTATION_COMMENTS = YES;
				CLANG_WARN_EMPTY_BODY = YES;
				CLANG_WARN_ENUM_CONVERSION = YES;
				CLANG_WARN_INFINITE_RECURSION = YES;
				CLANG_WARN_INT_CONVERSION = YES;
				CLANG_WARN_OBJC_ROOT_CLASS = YES_ERROR;
				CLANG_WARN_SUSPICIOUS_MOVES = YES;
				CLANG_WARN_UNREACHABLE_CODE = YES;
				CLANG_WARN__DUPLICATE_METHOD_MATCH = YES;
				"CODE_SIGN_IDENTITY[sdk=iphoneos*]" = "iPhone Developer";
				COPY_PHASE_STRIP = NO;
				DEBUG_INFORMATION_FORMAT = dwarf;
				ENABLE_STRICT_OBJC_MSGSEND = YES;
				ENABLE_TESTABILITY = YES;
				GCC_C_LANGUAGE_STANDARD = gnu99;
				GCC_DYNAMIC_NO_PIC = NO;
				GCC_NO_COMMON_BLOCKS = YES;
				GCC_OPTIMIZATION_LEVEL = 0;
				GCC_PREPROCESSOR_DEFINITIONS = (
					"DEBUG=1",
					"$(inherited)",
				);
				GCC_WARN_64_TO_32_BIT_CONVERSION = YES;
				GCC_WARN_ABOUT_RETURN_TYPE = YES_ERROR;
				GCC_WARN_UNDECLARED_SELECTOR = YES;
				GCC_WARN_UNINITIALIZED_AUTOS = YES_AGGRESSIVE;
				GCC_WARN_UNUSED_FUNCTION = YES;
				GCC_WARN_UNUSED_VARIABLE = YES;
				IPHONEOS_DEPLOYMENT_TARGET = 8.0;
				MTL_ENABLE_DEBUG_INFO = YES;
				ONLY_ACTIVE_ARCH = YES;
				SDKROOT = iphoneos;
				TARGETED_DEVICE_FAMILY = "1,2";
			};
			name = Debug;
		};
		617DC49F1DF039A1008250F8 /* Release */ = {
			isa = XCBuildConfiguration;
			buildSettings = {
				ALWAYS_SEARCH_USER_PATHS = NO;
				CLANG_ANALYZER_NONNULL = YES;
				CLANG_CXX_LANGUAGE_STANDARD = "gnu++0x";
				CLANG_CXX_LIBRARY = "libc++";
				CLANG_ENABLE_MODULES = YES;
				CLANG_ENABLE_OBJC_ARC = YES;
				CLANG_WARN_BOOL_CONVERSION = YES;
				CLANG_WARN_CONSTANT_CONVERSION = YES;
				CLANG_WARN_DIRECT_OBJC_ISA_USAGE = YES_ERROR;
				CLANG_WARN_DOCUMENTATION_COMMENTS = YES;
				CLANG_WARN_EMPTY_BODY = YES;
				CLANG_WARN_ENUM_CONVERSION = YES;
				CLANG_WARN_INFINITE_RECURSION = YES;
				CLANG_WARN_INT_CONVERSION = YES;
				CLANG_WARN_OBJC_ROOT_CLASS = YES_ERROR;
				CLANG_WARN_SUSPICIOUS_MOVES = YES;
				CLANG_WARN_UNREACHABLE_CODE = YES;
				CLANG_WARN__DUPLICATE_METHOD_MATCH = YES;
				"CODE_SIGN_IDENTITY[sdk=iphoneos*]" = "iPhone Developer";
				COPY_PHASE_STRIP = NO;
				DEBUG_INFORMATION_FORMAT = "dwarf-with-dsym";
				ENABLE_NS_ASSERTIONS = NO;
				ENABLE_STRICT_OBJC_MSGSEND = YES;
				GCC_C_LANGUAGE_STANDARD = gnu99;
				GCC_NO_COMMON_BLOCKS = YES;
				GCC_WARN_64_TO_32_BIT_CONVERSION = YES;
				GCC_WARN_ABOUT_RETURN_TYPE = YES_ERROR;
				GCC_WARN_UNDECLARED_SELECTOR = YES;
				GCC_WARN_UNINITIALIZED_AUTOS = YES_AGGRESSIVE;
				GCC_WARN_UNUSED_FUNCTION = YES;
				GCC_WARN_UNUSED_VARIABLE = YES;
				IPHONEOS_DEPLOYMENT_TARGET = 8.0;
				MTL_ENABLE_DEBUG_INFO = NO;
				SDKROOT = iphoneos;
				TARGETED_DEVICE_FAMILY = "1,2";
				VALIDATE_PRODUCT = YES;
			};
			name = Release;
		};
		617DC4A11DF039A1008250F8 /* Debug */ = {
			isa = XCBuildConfiguration;
			buildSettings = {
				ASSETCATALOG_COMPILER_APPICON_NAME = AppIcon;
				DEVELOPMENT_TEAM = "";
				HEADER_SEARCH_PATHS = "VerifyCA/third-party/OpenSSL/include";
				INFOPLIST_FILE = VerifyCA/Info.plist;
				LD_RUNPATH_SEARCH_PATHS = "$(inherited) @executable_path/Frameworks";
				LIBRARY_SEARCH_PATHS = (
					"$(inherited)",
					"$(PROJECT_DIR)/VerifyCA/third-party/OpenSSL/lib",
				);
				PRODUCT_BUNDLE_IDENTIFIER = com.liuyuning.VerifyCA;
				PRODUCT_NAME = "$(TARGET_NAME)";
			};
			name = Debug;
		};
		617DC4A21DF039A1008250F8 /* Release */ = {
			isa = XCBuildConfiguration;
			buildSettings = {
				ASSETCATALOG_COMPILER_APPICON_NAME = AppIcon;
				DEVELOPMENT_TEAM = "";
				HEADER_SEARCH_PATHS = "VerifyCA/third-party/OpenSSL/include";
				INFOPLIST_FILE = VerifyCA/Info.plist;
				LD_RUNPATH_SEARCH_PATHS = "$(inherited) @executable_path/Frameworks";
				LIBRARY_SEARCH_PATHS = (
					"$(inherited)",
					"$(PROJECT_DIR)/VerifyCA/third-party/OpenSSL/lib",
				);
				PRODUCT_BUNDLE_IDENTIFIER = com.liuyuning.VerifyCA;
				PRODUCT_NAME = "$(TARGET_NAME)";
			};
			name = Release;
		};
/* End XCBuildConfiguration section */

/* Begin XCConfigurationList section */
		617DC4841DF039A1008250F8 /* Build configuration list for PBXProject "VerifyCA" */ = {
			isa = XCConfigurationList;
			buildConfigurations = (
				617DC49E1DF039A1008250F8 /* Debug */,
				617DC49F1DF039A1008250F8 /* Release */,
			);
			defaultConfigurationIsVisible = 0;
			defaultConfigurationName = Release;
		};
		617DC4A01DF039A1008250F8 /* Build configuration list for PBXNativeTarget "VerifyCA" */ = {
			isa = XCConfigurationList;
			buildConfigurations = (
				617DC4A11DF039A1008250F8 /* Debug */,
				617DC4A21DF039A1008250F8 /* Release */,
			);
			defaultConfigurationIsVisible = 0;
			defaultConfigurationName = Release;
		};
/* End XCConfigurationList section */
	};
	rootObject = 617DC4811DF039A1008250F8 /* Project object */;
}
